{
  "version": "5",
  "specifiers": {
    "jsr:@cfa/gitignore-parser@~0.1.4": "0.1.4",
    "jsr:@deno/framework-detect@0": "0.1.0",
    "jsr:@std/cli@1.0.15": "1.0.15",
    "jsr:@std/encoding@*": "1.0.8",
    "jsr:@std/encoding@^1.0.8": "1.0.8",
    "jsr:@std/fmt@^1.0.6": "1.0.6",
    "jsr:@std/fs@^1.0.14": "1.0.15",
    "jsr:@std/jsonc@^1.0.1": "1.0.1",
    "jsr:@std/path@^1.0.8": "1.0.8",
    "jsr:@std/streams@^1.0.9": "1.0.9",
    "jsr:@std/tar@~0.1.6": "0.1.6",
    "npm:@trpc/client@^11.0.2": "11.0.2_@trpc+server@11.0.2__typescript@5.8.2_typescript@5.8.2",
    "npm:@trpc/server@^11.0.2": "11.0.2_typescript@5.8.2",
    "npm:jsonc-parser@^3.3.1": "3.3.1",
    "npm:open@^10.1.0": "10.1.0",
    "npm:superjson@^2.2.2": "2.2.2"
  },
  "jsr": {
    "@cfa/gitignore-parser@0.1.4": {
      "integrity": "60d3563bbd7b8797f50c28585d7d74d231fbb56a1d9df7b0673c27cbdf60a23a"
    },
    "@deno/framework-detect@0.1.0": {
      "integrity": "ae554d9ad1d160d03727052608e271ce7f4aa71c4850b40cf02f13c9991b7e5b",
      "dependencies": [
        "jsr:@std/jsonc",
        "jsr:@std/path"
      ]
    },
    "@std/cli@1.0.15": {
      "integrity": "e79ba3272ec710ca44d8342a7688e6288b0b88802703f3264184b52893d5e93f"
    },
    "@std/encoding@1.0.8": {
      "integrity": "a6c8f3f933ab1bed66244f435d1dc0fd23a888e07195532122ddc3d5f8f0e6b4"
    },
    "@std/fmt@1.0.6": {
      "integrity": "a2c56a69a2369876ddb3ad6a500bb6501b5bad47bb3ea16bfb0c18974d2661fc"
    },
    "@std/fs@1.0.14": {
      "integrity": "1e84bf0b95fe08f41f1f4aea9717bbf29f45408a56ce073b0114474ce1c9fccf",
      "dependencies": [
        "jsr:@std/path"
      ]
    },
    "@std/fs@1.0.15": {
      "integrity": "c083fb479889d6440d768e498195c3fc499d426fbf9a6592f98f53884d1d3f41",
      "dependencies": [
        "jsr:@std/path"
      ]
    },
    "@std/jsonc@1.0.1": {
      "integrity": "6b36956e2a7cbb08ca5ad7fbec72e661e6217c202f348496ea88747636710dda"
    },
    "@std/path@1.0.8": {
      "integrity": "548fa456bb6a04d3c1a1e7477986b6cffbce95102d0bb447c67c4ee70e0364be"
    },
    "@std/streams@1.0.9": {
      "integrity": "a9d26b1988cdd7aa7b1f4b51e1c36c1557f3f252880fa6cc5b9f37078b1a5035"
    },
    "@std/tar@0.1.6": {
      "integrity": "7f06a5359518262207e1c28ea965fd552dff3ba2047d2e9225339af287b1f3a4",
      "dependencies": [
        "jsr:@std/streams"
      ]
    }
  },
  "npm": {
    "@trpc/client@11.0.2_@trpc+server@11.0.2__typescript@5.8.2_typescript@5.8.2": {
      "integrity": "sha512-GlPEedbMTerkUfAJBsrwU6dg8N65lt3LBwrCoqR3MTZ64lRU/DQqyLjzpz5nRkEN0x4S2JmX0hASV9vc2KlSHA==",
      "dependencies": [
        "@trpc/server",
        "typescript"
      ]
    },
    "@trpc/server@11.0.2_typescript@5.8.2": {
      "integrity": "sha512-PIcm8UWFyE0AnIYjxsyc1zfVa6X10m9Opm1SJ2ou9Vu8dlXO6rMtmafLUXJsMeQk/3ecxObFtEiZIX8TvB3eCg==",
      "dependencies": [
        "typescript"
      ]
    },
    "bundle-name@4.1.0": {
      "integrity": "sha512-tjwM5exMg6BGRI+kNmTntNsvdZS1X8BFYS6tnJ2hdH0kVxM6/eVZ2xy+FqStSWvYmtfFMDLIxurorHwDKfDz5Q==",
      "dependencies": [
        "run-applescript"
      ]
    },
    "copy-anything@3.0.5": {
      "integrity": "sha512-yCEafptTtb4bk7GLEQoM8KVJpxAfdBJYaXyzQEgQQQgYrZiDp8SJmGKlYza6CYjEDNstAdNdKA3UuoULlEbS6w==",
      "dependencies": [
        "is-what"
      ]
    },
    "default-browser-id@5.0.0": {
      "integrity": "sha512-A6p/pu/6fyBcA1TRz/GqWYPViplrftcW2gZC9q79ngNCKAeR/X3gcEdXQHl4KNXV+3wgIJ1CPkJQ3IHM6lcsyA=="
    },
    "default-browser@5.2.1": {
      "integrity": "sha512-WY/3TUME0x3KPYdRRxEJJvXRHV4PyPoUsxtZa78lwItwRQRHhd2U9xOscaT/YTf8uCXIAjeJOFBVEh/7FtD8Xg==",
      "dependencies": [
        "bundle-name",
        "default-browser-id"
      ]
    },
    "define-lazy-prop@3.0.0": {
      "integrity": "sha512-N+MeXYoqr3pOgn8xfyRPREN7gHakLYjhsHhWGT3fWAiL4IkAt0iDw14QiiEm2bE30c5XX5q0FtAA3CK5f9/BUg=="
    },
    "is-docker@3.0.0": {
      "integrity": "sha512-eljcgEDlEns/7AXFosB5K/2nCM4P7FQPkGc/DWLy5rmFEWvZayGrik1d9/QIY5nJ4f9YsVvBkA6kJpHn9rISdQ==",
      "bin": true
    },
    "is-inside-container@1.0.0": {
      "integrity": "sha512-KIYLCCJghfHZxqjYBE7rEy0OBuTd5xCHS7tHVgvCLkx7StIoaxwNW3hCALgEUjFfeRk+MG/Qxmp/vtETEF3tRA==",
      "dependencies": [
        "is-docker"
      ],
      "bin": true
    },
    "is-what@4.1.16": {
      "integrity": "sha512-ZhMwEosbFJkA0YhFnNDgTM4ZxDRsS6HqTo7qsZM08fehyRYIYa0yHu5R6mgo1n/8MgaPBXiPimPD77baVFYg+A=="
    },
    "is-wsl@3.1.0": {
      "integrity": "sha512-UcVfVfaK4Sc4m7X3dUSoHoozQGBEFeDC+zVo06t98xe8CzHSZZBekNXH+tu0NalHolcJ/QAGqS46Hef7QXBIMw==",
      "dependencies": [
        "is-inside-container"
      ]
    },
    "jsonc-parser@3.3.1": {
      "integrity": "sha512-HUgH65KyejrUFPvHFPbqOY0rsFip3Bo5wb4ngvdi1EpCYWUQDC5V+Y7mZws+DLkr4M//zQJoanu1SP+87Dv1oQ=="
    },
    "open@10.1.0": {
      "integrity": "sha512-mnkeQ1qP5Ue2wd+aivTD3NHd/lZ96Lu0jgf0pwktLPtx6cTZiH7tyeGRRHs0zX0rbrahXPnXlUnbeXyaBBuIaw==",
      "dependencies": [
        "default-browser",
        "define-lazy-prop",
        "is-inside-container",
        "is-wsl"
      ]
    },
    "run-applescript@7.0.0": {
      "integrity": "sha512-9by4Ij99JUr/MCFBUkDKLWK3G9HVXmabKz9U5MlIAIuvuzkiOicRYs8XJLxX+xahD+mLiiCYDqF9dKAgtzKP1A=="
    },
    "superjson@2.2.2": {
      "integrity": "sha512-5JRxVqC8I8NuOUjzBbvVJAKNM8qoVuH0O77h4WInc/qC2q5IreqKxYwgkga3PfA22OayK2ikceb/B26dztPl+Q==",
      "dependencies": [
        "copy-anything"
      ]
    },
    "typescript@5.8.2": {
      "integrity": "sha512-aJn6wq13/afZp/jT9QZmwEjDqqvSGp1VT5GVg+f/t6/oVyrgXM6BY1h9BRh/O5p3PlUPAe+WuiEZOmb/49RqoQ==",
      "bin": true
    }
  },
  "workspace": {
    "dependencies": [
      "jsr:@cfa/gitignore-parser@~0.1.4",
      "jsr:@deno/framework-detect@0",
      "jsr:@std/cli@1.0.15",
      "jsr:@std/encoding@^1.0.8",
      "jsr:@std/fmt@^1.0.6",
      "jsr:@std/fs@^1.0.14",
      "jsr:@std/jsonc@^1.0.1",
      "jsr:@std/path@^1.0.8",
      "jsr:@std/tar@~0.1.6",
      "npm:@trpc/client@^11.0.2",
      "npm:@trpc/server@^11.0.2",
      "npm:jsonc-parser@^3.3.1",
      "npm:open@^10.1.0",
      "npm:superjson@^2.2.2"
    ]
  }
}
